
Microsoft Visual Studio Solution File, Format Version 12.00
# Visual Studio Express 2012 for Windows Desktop
Project("{FAE04EC0-301F-11D3-BF4B-00C04F79EFBC}") = "Livestreamer_GUI", "Livestreamer_GUI\Livestreamer_GUI.csproj", "{D76C65FA-1163-4FF3-A5B0-8578EC95ED94}"
EndProject
Global
	GlobalSection(SolutionConfigurationPlatforms) = preSolution
		Debug|Any CPU = Debug|Any CPU
		Release|Any CPU = Release|Any CPU
	EndGlobalSection
	GlobalSection(ProjectConfigurationPlatforms) = postSolution
		{D76C65FA-1163-4FF3-A5B0-8578EC95ED94}.Debug|Any CPU.ActiveCfg = Debug|Any CPU
		{D76C65FA-1163-4FF3-A5B0-8578EC95ED94}.Debug|Any CPU.Build.0 = Debug|Any CPU
		{D76C65FA-1163-4FF3-A5B0-8578EC95ED94}.Release|Any CPU.ActiveCfg = Release|Any CPU
		{D76C65FA-1163-4FF3-A5B0-8578EC95ED94}.Release|Any CPU.Build.0 = Release|Any CPU
	EndGlobalSection
	GlobalSection(SolutionProperties) = preSolution
		HideSolutionNode = FALSE
	EndGlobalSection
EndGlobal
